
Microsoft Visual Studio Solution File, Format Version 12.00
# Visual Studio Version 16
VisualStudioVersion = 16.0.32602.291
MinimumVisualStudioVersion = 10.0.40219.1
Project("{FAE04EC0-301F-11D3-BF4B-00C04F79EFBC}") = "WebApplication3", "WebApplication3.csproj", "{70896931-E768-4135-BC44-CD7158055AFC}"
EndProject
Global
	GlobalSection(SolutionConfigurationPlatforms) = preSolution
		Debug|Any CPU = Debug|Any CPU
		Release|Any CPU = Release|Any CPU
	EndGlobalSection
	GlobalSection(ProjectConfigurationPlatforms) = postSolution
		{70896931-E768-4135-BC44-CD7158055AFC}.Debug|Any CPU.ActiveCfg = Debug|Any CPU
		{70896931-E768-4135-BC44-CD7158055AFC}.Debug|Any CPU.Build.0 = Debug|Any CPU
		{70896931-E768-4135-BC44-CD7158055AFC}.Release|Any CPU.ActiveCfg = Release|Any CPU
		{70896931-E768-4135-BC44-CD7158055AFC}.Release|Any CPU.Build.0 = Release|Any CPU
	EndGlobalSection
	GlobalSection(SolutionProperties) = preSolution
		HideSolutionNode = FALSE
	EndGlobalSection
	GlobalSection(ExtensibilityGlobals) = postSolution
		SolutionGuid = {534CC948-201D-4A5B-8A5B-176E00F2D30A}
	EndGlobalSection
EndGlobal
